
Microsoft Visual Studio Solution File, Format Version 12.00
# Visual Studio Version 16
VisualStudioVersion = 16.0.29009.5
MinimumVisualStudioVersion = 10.0.40219.1
Project("{FAE04EC0-301F-11D3-BF4B-00C04F79EFBC}") = "Servidor", "Servidor\Servidor.csproj", "{4F130222-0D8C-4749-A92C-4BE1BF7F3014}"
EndProject
Global
	GlobalSection(SolutionConfigurationPlatforms) = preSolution
		Debug|Any CPU = Debug|Any CPU
		Release|Any CPU = Release|Any CPU
	EndGlobalSection
	GlobalSection(ProjectConfigurationPlatforms) = postSolution
		{4F130222-0D8C-4749-A92C-4BE1BF7F3014}.Debug|Any CPU.ActiveCfg = Debug|Any CPU
		{4F130222-0D8C-4749-A92C-4BE1BF7F3014}.Debug|Any CPU.Build.0 = Debug|Any CPU
		{4F130222-0D8C-4749-A92C-4BE1BF7F3014}.Release|Any CPU.ActiveCfg = Release|Any CPU
		{4F130222-0D8C-4749-A92C-4BE1BF7F3014}.Release|Any CPU.Build.0 = Release|Any CPU
	EndGlobalSection
	GlobalSection(SolutionProperties) = preSolution
		HideSolutionNode = FALSE
	EndGlobalSection
	GlobalSection(ExtensibilityGlobals) = postSolution
		SolutionGuid = {F717577C-4207-4183-806A-E814E3ECFB36}
	EndGlobalSection
EndGlobal
